
Microsoft Visual Studio Solution File, Format Version 12.00
# Visual Studio Version 17
VisualStudioVersion = 17.10.34928.147
MinimumVisualStudioVersion = 10.0.40219.1
Project("{FAE04EC0-301F-11D3-BF4B-00C04F79EFBC}") = "AIDialogueTestMod", "AIDialogueTestMod\AIDialogueTestMod.csproj", "{637B7F48-C855-413C-BA39-800A4F97FFC1}"
EndProject
Global
	GlobalSection(SolutionConfigurationPlatforms) = preSolution
		Debug|Any CPU = Debug|Any CPU
		Release|Any CPU = Release|Any CPU
	EndGlobalSection
	GlobalSection(ProjectConfigurationPlatforms) = postSolution
		{637B7F48-C855-413C-BA39-800A4F97FFC1}.Debug|Any CPU.ActiveCfg = Debug|Any CPU
		{637B7F48-C855-413C-BA39-800A4F97FFC1}.Debug|Any CPU.Build.0 = Debug|Any CPU
		{637B7F48-C855-413C-BA39-800A4F97FFC1}.Release|Any CPU.ActiveCfg = Release|Any CPU
		{637B7F48-C855-413C-BA39-800A4F97FFC1}.Release|Any CPU.Build.0 = Release|Any CPU
	EndGlobalSection
	GlobalSection(SolutionProperties) = preSolution
		HideSolutionNode = FALSE
	EndGlobalSection
	GlobalSection(ExtensibilityGlobals) = postSolution
		SolutionGuid = {6BC5F2A6-75EF-437E-98C6-4EA73823F982}
	EndGlobalSection
EndGlobal
